
Microsoft Visual Studio Solution File, Format Version 12.00
# Visual Studio Version 16
VisualStudioVersion = 16.0.32802.440
MinimumVisualStudioVersion = 10.0.40219.1
Project("{F14B399A-7131-4C87-9E4B-1186C45EF12D}") = "ReportProject1", "ReportProject1\ReportProject1.rptproj", "{205F7E37-B60E-487E-ACFC-319F3AF018B9}"
EndProject
Global
	GlobalSection(SolutionConfigurationPlatforms) = preSolution
		Debug|Default = Debug|Default
		DebugLocal|Default = DebugLocal|Default
		Release|Default = Release|Default
	EndGlobalSection
	GlobalSection(ProjectConfigurationPlatforms) = postSolution
		{205F7E37-B60E-487E-ACFC-319F3AF018B9}.Debug|Default.ActiveCfg = Debug
		{205F7E37-B60E-487E-ACFC-319F3AF018B9}.Debug|Default.Build.0 = Debug
		{205F7E37-B60E-487E-ACFC-319F3AF018B9}.Debug|Default.Deploy.0 = Debug
		{205F7E37-B60E-487E-ACFC-319F3AF018B9}.DebugLocal|Default.ActiveCfg = DebugLocal
		{205F7E37-B60E-487E-ACFC-319F3AF018B9}.DebugLocal|Default.Build.0 = DebugLocal
		{205F7E37-B60E-487E-ACFC-319F3AF018B9}.Release|Default.ActiveCfg = Release
		{205F7E37-B60E-487E-ACFC-319F3AF018B9}.Release|Default.Build.0 = Release
		{205F7E37-B60E-487E-ACFC-319F3AF018B9}.Release|Default.Deploy.0 = Release
	EndGlobalSection
	GlobalSection(SolutionProperties) = preSolution
		HideSolutionNode = FALSE
	EndGlobalSection
	GlobalSection(ExtensibilityGlobals) = postSolution
		SolutionGuid = {524BFA45-3ED0-407A-BE13-3033A617A0A8}
	EndGlobalSection
EndGlobal
