
Microsoft Visual Studio Solution File, Format Version 12.00
# Visual Studio Version 16
VisualStudioVersion = 16.0.32802.440
MinimumVisualStudioVersion = 10.0.40219.1
Project("{FAE04EC0-301F-11D3-BF4B-00C04F79EFBC}") = "MVC_Rehearsals", "MVC_Rehearsals\MVC_Rehearsals.csproj", "{125485D9-EF52-443D-9B2F-AAA955F0EC47}"
EndProject
Project("{FAE04EC0-301F-11D3-BF4B-00C04F79EFBC}") = "RehearseADO.mvc", "RehearseADO.mvc\RehearseADO.mvc.csproj", "{F186052B-1BBA-4586-B748-2C9EB332A47C}"
EndProject
Global
	GlobalSection(SolutionConfigurationPlatforms) = preSolution
		Debug|Any CPU = Debug|Any CPU
		Release|Any CPU = Release|Any CPU
	EndGlobalSection
	GlobalSection(ProjectConfigurationPlatforms) = postSolution
		{125485D9-EF52-443D-9B2F-AAA955F0EC47}.Debug|Any CPU.ActiveCfg = Debug|Any CPU
		{125485D9-EF52-443D-9B2F-AAA955F0EC47}.Debug|Any CPU.Build.0 = Debug|Any CPU
		{125485D9-EF52-443D-9B2F-AAA955F0EC47}.Release|Any CPU.ActiveCfg = Release|Any CPU
		{125485D9-EF52-443D-9B2F-AAA955F0EC47}.Release|Any CPU.Build.0 = Release|Any CPU
		{F186052B-1BBA-4586-B748-2C9EB332A47C}.Debug|Any CPU.ActiveCfg = Debug|Any CPU
		{F186052B-1BBA-4586-B748-2C9EB332A47C}.Debug|Any CPU.Build.0 = Debug|Any CPU
		{F186052B-1BBA-4586-B748-2C9EB332A47C}.Release|Any CPU.ActiveCfg = Release|Any CPU
		{F186052B-1BBA-4586-B748-2C9EB332A47C}.Release|Any CPU.Build.0 = Release|Any CPU
	EndGlobalSection
	GlobalSection(SolutionProperties) = preSolution
		HideSolutionNode = FALSE
	EndGlobalSection
	GlobalSection(ExtensibilityGlobals) = postSolution
		SolutionGuid = {609802E8-437E-4CAD-8759-BD5FE124F44E}
	EndGlobalSection
EndGlobal
