
Microsoft Visual Studio Solution File, Format Version 12.00
# Visual Studio Version 16
VisualStudioVersion = 16.0.32602.291
MinimumVisualStudioVersion = 10.0.40219.1
Project("{9A19103F-16F7-4668-BE54-9A1E7A4F7556}") = "DSAExercises", "MainConsoleUI\DSAExercises.csproj", "{7F5DE11E-400D-4C3B-AB6A-A0DB684724DC}"
EndProject
Project("{9A19103F-16F7-4668-BE54-9A1E7A4F7556}") = "BasicDSAChallenges", "BasicDSAChallenges\BasicDSAChallenges.csproj", "{FFAA3DDC-5485-409C-B0E4-C2E5D2399E33}"
EndProject
Project("{9A19103F-16F7-4668-BE54-9A1E7A4F7556}") = "LinqExercises", "LinqExercises\LinqExercises.csproj", "{0CBBF848-2E80-4FA2-9422-A3861C84B502}"
EndProject
Project("{FAE04EC0-301F-11D3-BF4B-00C04F79EFBC}") = "ConsoleDB_Rehearse", "ConsoleDB_Rehearse\ConsoleDB_Rehearse.csproj", "{F4473D9E-8B35-48C4-8171-5476404A6E5B}"
EndProject
Global
	GlobalSection(SolutionConfigurationPlatforms) = preSolution
		Debug|Any CPU = Debug|Any CPU
		Release|Any CPU = Release|Any CPU
	EndGlobalSection
	GlobalSection(ProjectConfigurationPlatforms) = postSolution
		{7F5DE11E-400D-4C3B-AB6A-A0DB684724DC}.Debug|Any CPU.ActiveCfg = Debug|Any CPU
		{7F5DE11E-400D-4C3B-AB6A-A0DB684724DC}.Debug|Any CPU.Build.0 = Debug|Any CPU
		{7F5DE11E-400D-4C3B-AB6A-A0DB684724DC}.Release|Any CPU.ActiveCfg = Release|Any CPU
		{7F5DE11E-400D-4C3B-AB6A-A0DB684724DC}.Release|Any CPU.Build.0 = Release|Any CPU
		{FFAA3DDC-5485-409C-B0E4-C2E5D2399E33}.Debug|Any CPU.ActiveCfg = Debug|Any CPU
		{FFAA3DDC-5485-409C-B0E4-C2E5D2399E33}.Debug|Any CPU.Build.0 = Debug|Any CPU
		{FFAA3DDC-5485-409C-B0E4-C2E5D2399E33}.Release|Any CPU.ActiveCfg = Release|Any CPU
		{FFAA3DDC-5485-409C-B0E4-C2E5D2399E33}.Release|Any CPU.Build.0 = Release|Any CPU
		{0CBBF848-2E80-4FA2-9422-A3861C84B502}.Debug|Any CPU.ActiveCfg = Debug|Any CPU
		{0CBBF848-2E80-4FA2-9422-A3861C84B502}.Debug|Any CPU.Build.0 = Debug|Any CPU
		{0CBBF848-2E80-4FA2-9422-A3861C84B502}.Release|Any CPU.ActiveCfg = Release|Any CPU
		{0CBBF848-2E80-4FA2-9422-A3861C84B502}.Release|Any CPU.Build.0 = Release|Any CPU
		{F4473D9E-8B35-48C4-8171-5476404A6E5B}.Debug|Any CPU.ActiveCfg = Debug|Any CPU
		{F4473D9E-8B35-48C4-8171-5476404A6E5B}.Debug|Any CPU.Build.0 = Debug|Any CPU
		{F4473D9E-8B35-48C4-8171-5476404A6E5B}.Release|Any CPU.ActiveCfg = Release|Any CPU
		{F4473D9E-8B35-48C4-8171-5476404A6E5B}.Release|Any CPU.Build.0 = Release|Any CPU
	EndGlobalSection
	GlobalSection(SolutionProperties) = preSolution
		HideSolutionNode = FALSE
	EndGlobalSection
	GlobalSection(ExtensibilityGlobals) = postSolution
		SolutionGuid = {37AED606-6981-4D4C-8174-6BE354765322}
	EndGlobalSection
EndGlobal
